
Microsoft Visual Studio Solution File, Format Version 12.00
# Visual Studio 15
VisualStudioVersion = 15.0.27703.2018
MinimumVisualStudioVersion = 10.0.40219.1
Project("{FAE04EC0-301F-11D3-BF4B-00C04F79EFBC}") = "QTickWPF", "QTickWPF\QTickWPF.csproj", "{DED4805E-2CC0-47AB-BECD-9D9376B8FC3A}"
EndProject
Global
	GlobalSection(SolutionConfigurationPlatforms) = preSolution
		Debug|Any CPU = Debug|Any CPU
		Release|Any CPU = Release|Any CPU
	EndGlobalSection
	GlobalSection(ProjectConfigurationPlatforms) = postSolution
		{DED4805E-2CC0-47AB-BECD-9D9376B8FC3A}.Debug|Any CPU.ActiveCfg = Debug|Any CPU
		{DED4805E-2CC0-47AB-BECD-9D9376B8FC3A}.Debug|Any CPU.Build.0 = Debug|Any CPU
		{DED4805E-2CC0-47AB-BECD-9D9376B8FC3A}.Release|Any CPU.ActiveCfg = Release|Any CPU
		{DED4805E-2CC0-47AB-BECD-9D9376B8FC3A}.Release|Any CPU.Build.0 = Release|Any CPU
	EndGlobalSection
	GlobalSection(SolutionProperties) = preSolution
		HideSolutionNode = FALSE
	EndGlobalSection
	GlobalSection(ExtensibilityGlobals) = postSolution
		SolutionGuid = {C0E09236-677F-40E2-A897-F5AA605C0C2A}
	EndGlobalSection
EndGlobal
